Microsoft Visual Studio Solution File, Format Version 12.00
# Visual Studio 16
Project("{8BC9CEB8-8B4A-11D0-8D11-00A0C91BC942}") = "ALL_BUILD", "ALL_BUILD.vcxproj", "{DCB2EEAE-CC5D-34B3-8D63-B6793AD15DDB}"
	ProjectSection(ProjectDependencies) = postProject
		{08822592-60C0-3278-A23C-4BE4FD3EAEF6} = {08822592-60C0-3278-A23C-4BE4FD3EAEF6}
		{6D2F6E2D-BBF8-36B0-B7A5-8CDF9FF372A9} = {6D2F6E2D-BBF8-36B0-B7A5-8CDF9FF372A9}
		{D642DF4D-CCFF-3CCB-A7FA-F121316FD1F1} = {D642DF4D-CCFF-3CCB-A7FA-F121316FD1F1}
		{DB19548D-1C06-36E8-B594-60EAE7E2A0F1} = {DB19548D-1C06-36E8-B594-60EAE7E2A0F1}
		{EEE8610A-88ED-3106-8670-C9F4545847BD} = {EEE8610A-88ED-3106-8670-C9F4545847BD}
		{A62E14CA-5CB8-3740-9426-48706A9C7BC8} = {A62E14CA-5CB8-3740-9426-48706A9C7BC8}
	EndProjectSection
EndProject
Project("{8BC9CEB8-8B4A-11D0-8D11-00A0C91BC942}") = "INSTALL", "INSTALL.vcxproj", "{907A7F6A-C5A8-3E77-81AE-97AED70F2F4E}"
	ProjectSection(ProjectDependencies) = postProject
		{DCB2EEAE-CC5D-34B3-8D63-B6793AD15DDB} = {DCB2EEAE-CC5D-34B3-8D63-B6793AD15DDB}
		{08822592-60C0-3278-A23C-4BE4FD3EAEF6} = {08822592-60C0-3278-A23C-4BE4FD3EAEF6}
	EndProjectSection
EndProject
Project("{8BC9CEB8-8B4A-11D0-8D11-00A0C91BC942}") = "UpdateAssimpLibsDebugSymbolsAndDLLs", "UpdateAssimpLibsDebugSymbolsAndDLLs.vcxproj", "{93F29CB2-93BA-3423-8FAE-73946046D2EC}"
	ProjectSection(ProjectDependencies) = postProject
		{08822592-60C0-3278-A23C-4BE4FD3EAEF6} = {08822592-60C0-3278-A23C-4BE4FD3EAEF6}
	EndProjectSection
EndProject
Project("{8BC9CEB8-8B4A-11D0-8D11-00A0C91BC942}") = "ZERO_CHECK", "ZERO_CHECK.vcxproj", "{08822592-60C0-3278-A23C-4BE4FD3EAEF6}"
	ProjectSection(ProjectDependencies) = postProject
	EndProjectSection
EndProject
Project("{8BC9CEB8-8B4A-11D0-8D11-00A0C91BC942}") = "assimp", "code\assimp.vcxproj", "{6D2F6E2D-BBF8-36B0-B7A5-8CDF9FF372A9}"
	ProjectSection(ProjectDependencies) = postProject
		{08822592-60C0-3278-A23C-4BE4FD3EAEF6} = {08822592-60C0-3278-A23C-4BE4FD3EAEF6}
		{A62E14CA-5CB8-3740-9426-48706A9C7BC8} = {A62E14CA-5CB8-3740-9426-48706A9C7BC8}
	EndProjectSection
EndProject
Project("{8BC9CEB8-8B4A-11D0-8D11-00A0C91BC942}") = "assimp_cmd", "tools\assimp_cmd\assimp_cmd.vcxproj", "{D642DF4D-CCFF-3CCB-A7FA-F121316FD1F1}"
	ProjectSection(ProjectDependencies) = postProject
		{08822592-60C0-3278-A23C-4BE4FD3EAEF6} = {08822592-60C0-3278-A23C-4BE4FD3EAEF6}
		{6D2F6E2D-BBF8-36B0-B7A5-8CDF9FF372A9} = {6D2F6E2D-BBF8-36B0-B7A5-8CDF9FF372A9}
		{A62E14CA-5CB8-3740-9426-48706A9C7BC8} = {A62E14CA-5CB8-3740-9426-48706A9C7BC8}
	EndProjectSection
EndProject
Project("{8BC9CEB8-8B4A-11D0-8D11-00A0C91BC942}") = "gtest", "test\gtest.vcxproj", "{DB19548D-1C06-36E8-B594-60EAE7E2A0F1}"
	ProjectSection(ProjectDependencies) = postProject
		{08822592-60C0-3278-A23C-4BE4FD3EAEF6} = {08822592-60C0-3278-A23C-4BE4FD3EAEF6}
	EndProjectSection
EndProject
Project("{8BC9CEB8-8B4A-11D0-8D11-00A0C91BC942}") = "uninstall", "uninstall.vcxproj", "{823F93DA-5955-3BD1-AB75-8F63F33EAFEF}"
	ProjectSection(ProjectDependencies) = postProject
		{08822592-60C0-3278-A23C-4BE4FD3EAEF6} = {08822592-60C0-3278-A23C-4BE4FD3EAEF6}
	EndProjectSection
EndProject
Project("{8BC9CEB8-8B4A-11D0-8D11-00A0C91BC942}") = "unit", "test\unit.vcxproj", "{EEE8610A-88ED-3106-8670-C9F4545847BD}"
	ProjectSection(ProjectDependencies) = postProject
		{08822592-60C0-3278-A23C-4BE4FD3EAEF6} = {08822592-60C0-3278-A23C-4BE4FD3EAEF6}
		{6D2F6E2D-BBF8-36B0-B7A5-8CDF9FF372A9} = {6D2F6E2D-BBF8-36B0-B7A5-8CDF9FF372A9}
		{DB19548D-1C06-36E8-B594-60EAE7E2A0F1} = {DB19548D-1C06-36E8-B594-60EAE7E2A0F1}
		{A62E14CA-5CB8-3740-9426-48706A9C7BC8} = {A62E14CA-5CB8-3740-9426-48706A9C7BC8}
	EndProjectSection
EndProject
Project("{8BC9CEB8-8B4A-11D0-8D11-00A0C91BC942}") = "zlibstatic", "contrib\zlib\zlibstatic.vcxproj", "{A62E14CA-5CB8-3740-9426-48706A9C7BC8}"
	ProjectSection(ProjectDependencies) = postProject
		{08822592-60C0-3278-A23C-4BE4FD3EAEF6} = {08822592-60C0-3278-A23C-4BE4FD3EAEF6}
	EndProjectSection
EndProject
Global
	GlobalSection(SolutionConfigurationPlatforms) = preSolution
		Debug|x64 = Debug|x64
		Release|x64 = Release|x64
		MinSizeRel|x64 = MinSizeRel|x64
		RelWithDebInfo|x64 = RelWithDebInfo|x64
	EndGlobalSection
	GlobalSection(ProjectConfigurationPlatforms) = postSolution
		{DCB2EEAE-CC5D-34B3-8D63-B6793AD15DDB}.Debug|x64.ActiveCfg = Debug|x64
		{DCB2EEAE-CC5D-34B3-8D63-B6793AD15DDB}.Debug|x64.Build.0 = Debug|x64
		{DCB2EEAE-CC5D-34B3-8D63-B6793AD15DDB}.Release|x64.ActiveCfg = Release|x64
		{DCB2EEAE-CC5D-34B3-8D63-B6793AD15DDB}.Release|x64.Build.0 = Release|x64
		{DCB2EEAE-CC5D-34B3-8D63-B6793AD15DDB}.MinSizeRel|x64.ActiveCfg = MinSizeRel|x64
		{DCB2EEAE-CC5D-34B3-8D63-B6793AD15DDB}.MinSizeRel|x64.Build.0 = MinSizeRel|x64
		{DCB2EEAE-CC5D-34B3-8D63-B6793AD15DDB}.RelWithDebInfo|x64.ActiveCfg = RelWithDebInfo|x64
		{DCB2EEAE-CC5D-34B3-8D63-B6793AD15DDB}.RelWithDebInfo|x64.Build.0 = RelWithDebInfo|x64
		{907A7F6A-C5A8-3E77-81AE-97AED70F2F4E}.Debug|x64.ActiveCfg = Debug|x64
		{907A7F6A-C5A8-3E77-81AE-97AED70F2F4E}.Release|x64.ActiveCfg = Release|x64
		{907A7F6A-C5A8-3E77-81AE-97AED70F2F4E}.MinSizeRel|x64.ActiveCfg = MinSizeRel|x64
		{907A7F6A-C5A8-3E77-81AE-97AED70F2F4E}.RelWithDebInfo|x64.ActiveCfg = RelWithDebInfo|x64
		{93F29CB2-93BA-3423-8FAE-73946046D2EC}.Debug|x64.ActiveCfg = Debug|x64
		{93F29CB2-93BA-3423-8FAE-73946046D2EC}.Release|x64.ActiveCfg = Release|x64
		{93F29CB2-93BA-3423-8FAE-73946046D2EC}.MinSizeRel|x64.ActiveCfg = MinSizeRel|x64
		{93F29CB2-93BA-3423-8FAE-73946046D2EC}.RelWithDebInfo|x64.ActiveCfg = RelWithDebInfo|x64
		{08822592-60C0-3278-A23C-4BE4FD3EAEF6}.Debug|x64.ActiveCfg = Debug|x64
		{08822592-60C0-3278-A23C-4BE4FD3EAEF6}.Debug|x64.Build.0 = Debug|x64
		{08822592-60C0-3278-A23C-4BE4FD3EAEF6}.Release|x64.ActiveCfg = Release|x64
		{08822592-60C0-3278-A23C-4BE4FD3EAEF6}.Release|x64.Build.0 = Release|x64
		{08822592-60C0-3278-A23C-4BE4FD3EAEF6}.MinSizeRel|x64.ActiveCfg = MinSizeRel|x64
		{08822592-60C0-3278-A23C-4BE4FD3EAEF6}.MinSizeRel|x64.Build.0 = MinSizeRel|x64
		{08822592-60C0-3278-A23C-4BE4FD3EAEF6}.RelWithDebInfo|x64.ActiveCfg = RelWithDebInfo|x64
		{08822592-60C0-3278-A23C-4BE4FD3EAEF6}.RelWithDebInfo|x64.Build.0 = RelWithDebInfo|x64
		{6D2F6E2D-BBF8-36B0-B7A5-8CDF9FF372A9}.Debug|x64.ActiveCfg = Debug|x64
		{6D2F6E2D-BBF8-36B0-B7A5-8CDF9FF372A9}.Debug|x64.Build.0 = Debug|x64
		{6D2F6E2D-BBF8-36B0-B7A5-8CDF9FF372A9}.Release|x64.ActiveCfg = Release|x64
		{6D2F6E2D-BBF8-36B0-B7A5-8CDF9FF372A9}.Release|x64.Build.0 = Release|x64
		{6D2F6E2D-BBF8-36B0-B7A5-8CDF9FF372A9}.MinSizeRel|x64.ActiveCfg = MinSizeRel|x64
		{6D2F6E2D-BBF8-36B0-B7A5-8CDF9FF372A9}.MinSizeRel|x64.Build.0 = MinSizeRel|x64
		{6D2F6E2D-BBF8-36B0-B7A5-8CDF9FF372A9}.RelWithDebInfo|x64.ActiveCfg = RelWithDebInfo|x64
		{6D2F6E2D-BBF8-36B0-B7A5-8CDF9FF372A9}.RelWithDebInfo|x64.Build.0 = RelWithDebInfo|x64
		{D642DF4D-CCFF-3CCB-A7FA-F121316FD1F1}.Debug|x64.ActiveCfg = Debug|x64
		{D642DF4D-CCFF-3CCB-A7FA-F121316FD1F1}.Debug|x64.Build.0 = Debug|x64
		{D642DF4D-CCFF-3CCB-A7FA-F121316FD1F1}.Release|x64.ActiveCfg = Release|x64
		{D642DF4D-CCFF-3CCB-A7FA-F121316FD1F1}.Release|x64.Build.0 = Release|x64
		{D642DF4D-CCFF-3CCB-A7FA-F121316FD1F1}.MinSizeRel|x64.ActiveCfg = MinSizeRel|x64
		{D642DF4D-CCFF-3CCB-A7FA-F121316FD1F1}.MinSizeRel|x64.Build.0 = MinSizeRel|x64
		{D642DF4D-CCFF-3CCB-A7FA-F121316FD1F1}.RelWithDebInfo|x64.ActiveCfg = RelWithDebInfo|x64
		{D642DF4D-CCFF-3CCB-A7FA-F121316FD1F1}.RelWithDebInfo|x64.Build.0 = RelWithDebInfo|x64
		{DB19548D-1C06-36E8-B594-60EAE7E2A0F1}.Debug|x64.ActiveCfg = Debug|x64
		{DB19548D-1C06-36E8-B594-60EAE7E2A0F1}.Debug|x64.Build.0 = Debug|x64
		{DB19548D-1C06-36E8-B594-60EAE7E2A0F1}.Release|x64.ActiveCfg = Release|x64
		{DB19548D-1C06-36E8-B594-60EAE7E2A0F1}.Release|x64.Build.0 = Release|x64
		{DB19548D-1C06-36E8-B594-60EAE7E2A0F1}.MinSizeRel|x64.ActiveCfg = MinSizeRel|x64
		{DB19548D-1C06-36E8-B594-60EAE7E2A0F1}.MinSizeRel|x64.Build.0 = MinSizeRel|x64
		{DB19548D-1C06-36E8-B594-60EAE7E2A0F1}.RelWithDebInfo|x64.ActiveCfg = RelWithDebInfo|x64
		{DB19548D-1C06-36E8-B594-60EAE7E2A0F1}.RelWithDebInfo|x64.Build.0 = RelWithDebInfo|x64
		{823F93DA-5955-3BD1-AB75-8F63F33EAFEF}.Debug|x64.ActiveCfg = Debug|x64
		{823F93DA-5955-3BD1-AB75-8F63F33EAFEF}.Release|x64.ActiveCfg = Release|x64
		{823F93DA-5955-3BD1-AB75-8F63F33EAFEF}.MinSizeRel|x64.ActiveCfg = MinSizeRel|x64
		{823F93DA-5955-3BD1-AB75-8F63F33EAFEF}.RelWithDebInfo|x64.ActiveCfg = RelWithDebInfo|x64
		{EEE8610A-88ED-3106-8670-C9F4545847BD}.Debug|x64.ActiveCfg = Debug|x64
		{EEE8610A-88ED-3106-8670-C9F4545847BD}.Debug|x64.Build.0 = Debug|x64
		{EEE8610A-88ED-3106-8670-C9F4545847BD}.Release|x64.ActiveCfg = Release|x64
		{EEE8610A-88ED-3106-8670-C9F4545847BD}.Release|x64.Build.0 = Release|x64
		{EEE8610A-88ED-3106-8670-C9F4545847BD}.MinSizeRel|x64.ActiveCfg = MinSizeRel|x64
		{EEE8610A-88ED-3106-8670-C9F4545847BD}.MinSizeRel|x64.Build.0 = MinSizeRel|x64
		{EEE8610A-88ED-3106-8670-C9F4545847BD}.RelWithDebInfo|x64.ActiveCfg = RelWithDebInfo|x64
		{EEE8610A-88ED-3106-8670-C9F4545847BD}.RelWithDebInfo|x64.Build.0 = RelWithDebInfo|x64
		{A62E14CA-5CB8-3740-9426-48706A9C7BC8}.Debug|x64.ActiveCfg = Debug|x64
		{A62E14CA-5CB8-3740-9426-48706A9C7BC8}.Debug|x64.Build.0 = Debug|x64
		{A62E14CA-5CB8-3740-9426-48706A9C7BC8}.Release|x64.ActiveCfg = Release|x64
		{A62E14CA-5CB8-3740-9426-48706A9C7BC8}.Release|x64.Build.0 = Release|x64
		{A62E14CA-5CB8-3740-9426-48706A9C7BC8}.MinSizeRel|x64.ActiveCfg = MinSizeRel|x64
		{A62E14CA-5CB8-3740-9426-48706A9C7BC8}.MinSizeRel|x64.Build.0 = MinSizeRel|x64
		{A62E14CA-5CB8-3740-9426-48706A9C7BC8}.RelWithDebInfo|x64.ActiveCfg = RelWithDebInfo|x64
		{A62E14CA-5CB8-3740-9426-48706A9C7BC8}.RelWithDebInfo|x64.Build.0 = RelWithDebInfo|x64
	EndGlobalSection
	GlobalSection(ExtensibilityGlobals) = postSolution
		SolutionGuid = {3D484C23-10E5-3456-AACC-818AB658806F}
	EndGlobalSection
	GlobalSection(ExtensibilityAddIns) = postSolution
	EndGlobalSection
EndGlobal
